
Microsoft Visual Studio Solution File, Format Version 12.00
# Visual Studio Version 16
VisualStudioVersion = 16.0.29418.71
MinimumVisualStudioVersion = 10.0.40219.1
Project("{FAE04EC0-301F-11D3-BF4B-00C04F79EFBC}") = "UDS.OnlineCRMSizeEstimator", "UDS.OnlineCRMSizeEstimator\UDS.OnlineCRMSizeEstimator.csproj", "{276777B5-2B18-425C-94DD-62F61F4E3D2D}"
EndProject
Global
	GlobalSection(SolutionConfigurationPlatforms) = preSolution
		Debug|Any CPU = Debug|Any CPU
		Release|Any CPU = Release|Any CPU
	EndGlobalSection
	GlobalSection(ProjectConfigurationPlatforms) = postSolution
		{276777B5-2B18-425C-94DD-62F61F4E3D2D}.Debug|Any CPU.ActiveCfg = Debug|Any CPU
		{276777B5-2B18-425C-94DD-62F61F4E3D2D}.Debug|Any CPU.Build.0 = Debug|Any CPU
		{276777B5-2B18-425C-94DD-62F61F4E3D2D}.Release|Any CPU.ActiveCfg = Release|Any CPU
		{276777B5-2B18-425C-94DD-62F61F4E3D2D}.Release|Any CPU.Build.0 = Release|Any CPU
	EndGlobalSection
	GlobalSection(SolutionProperties) = preSolution
		HideSolutionNode = FALSE
	EndGlobalSection
	GlobalSection(ExtensibilityGlobals) = postSolution
		SolutionGuid = {3EBF2965-7A86-4B29-8B79-6E6A57B84FE8}
	EndGlobalSection
EndGlobal
